// !$*UTF8*$!
{
	archiveVersion = 1;
	classes = {
	};
	objectVersion = 46;
	objects = {

/* Begin PBXBuildFile section */
		2172D40B1BDB580B005DE8E7 /* AppDelegate.swift in Sources */ = {isa = PBXBuildFile; fileRef = 2172D40A1BDB580B005DE8E7 /* AppDelegate.swift */; };
		2172D40D1BDB580B005DE8E7 /* ViewController.swift in Sources */ = {isa = PBXBuildFile; fileRef = 2172D40C1BDB580B005DE8E7 /* ViewController.swift */; };
		2172D4101BDB580B005DE8E7 /* Main.storyboard in Resources */ = {isa = PBXBuildFile; fileRef = 2172D40E1BDB580B005DE8E7 /* Main.storyboard */; };
		2172D4121BDB580B005DE8E7 /* Assets.xcassets in Resources */ = {isa = PBXBuildFile; fileRef = 2172D4111BDB580B005DE8E7 /* Assets.xcassets */; };
		2172D4151BDB580B005DE8E7 /* LaunchScreen.storyboard in Resources */ = {isa = PBXBuildFile; fileRef = 2172D4131BDB580B005DE8E7 /* LaunchScreen.storyboard */; };
		2172D4201BDB580B005DE8E7 /* CityHunterTests.swift in Sources */ = {isa = PBXBuildFile; fileRef = 2172D41F1BDB580B005DE8E7 /* CityHunterTests.swift */; };
		2172D42B1BDB580B005DE8E7 /* CityHunterUITests.swift in Sources */ = {isa = PBXBuildFile; fileRef = 2172D42A1BDB580B005DE8E7 /* CityHunterUITests.swift */; };
		2172D4391BDB737A005DE8E7 /* PreyData.swift in Sources */ = {isa = PBXBuildFile; fileRef = 2172D4381BDB737A005DE8E7 /* PreyData.swift */; settings = {ASSET_TAGS = (); }; };
/* End PBXBuildFile section */

/* Begin PBXContainerItemProxy section */
		2172D41C1BDB580B005DE8E7 /* PBXContainerItemProxy */ = {
			isa = PBXContainerItemProxy;
			containerPortal = 2172D3FF1BDB580B005DE8E7 /* Project object */;
			proxyType = 1;
			remoteGlobalIDString = 2172D4061BDB580B005DE8E7;
			remoteInfo = CityHunter;
		};
		2172D4271BDB580B005DE8E7 /* PBXContainerItemProxy */ = {
			isa = PBXContainerItemProxy;
			containerPortal = 2172D3FF1BDB580B005DE8E7 /* Project object */;
			proxyType = 1;
			remoteGlobalIDString = 2172D4061BDB580B005DE8E7;
			remoteInfo = CityHunter;
		};
/* End PBXContainerItemProxy section */

/* Begin PBXFileReference section */
		2172D4071BDB580B005DE8E7 /* CityHunter.app */ = {isa = PBXFileReference; explicitFileType = wrapper.application; includeInIndex = 0; path = CityHunter.app; sourceTree = BUILT_PRODUCTS_DIR; };
		2172D40A1BDB580B005DE8E7 /* AppDelegate.swift */ = {isa = PBXFileReference; lastKnownFileType = sourcecode.swift; path = AppDelegate.swift; sourceTree = "<group>"; };
		2172D40C1BDB580B005DE8E7 /* ViewController.swift */ = {isa = PBXFileReference; lastKnownFileType = sourcecode.swift; path = ViewController.swift; sourceTree = "<group>"; };
		2172D40F1BDB580B005DE8E7 /* Base */ = {isa = PBXFileReference; lastKnownFileType = file.storyboard; name = Base; path = Base.lproj/Main.storyboard; sourceTree = "<group>"; };
		2172D4111BDB580B005DE8E7 /* Assets.xcassets */ = {isa = PBXFileReference; lastKnownFileType = folder.assetcatalog; path = Assets.xcassets; sourceTree = "<group>"; };
		2172D4141BDB580B005DE8E7 /* Base */ = {isa = PBXFileReference; lastKnownFileType = file.storyboard; name = Base; path = Base.lproj/LaunchScreen.storyboard; sourceTree = "<group>"; };
		2172D4161BDB580B005DE8E7 /* Info.plist */ = {isa = PBXFileReference; lastKnownFileType = text.plist.xml; path = Info.plist; sourceTree = "<group>"; };
		2172D41B1BDB580B005DE8E7 /* CityHunterTests.xctest */ = {isa = PBXFileReference; explicitFileType = wrapper.cfbundle; includeInIndex = 0; path = CityHunterTests.xctest; sourceTree = BUILT_PRODUCTS_DIR; };
		2172D41F1BDB580B005DE8E7 /* CityHunterTests.swift */ = {isa = PBXFileReference; lastKnownFileType = sourcecode.swift; path = CityHunterTests.swift; sourceTree = "<group>"; };
		2172D4211BDB580B005DE8E7 /* Info.plist */ = {isa = PBXFileReference; lastKnownFileType = text.plist.xml; path = Info.plist; sourceTree = "<group>"; };
		2172D4261BDB580B005DE8E7 /* CityHunterUITests.xctest */ = {isa = PBXFileReference; explicitFileType = wrapper.cfbundle; includeInIndex = 0; path = CityHunterUITests.xctest; sourceTree = BUILT_PRODUCTS_DIR; };
		2172D42A1BDB580B005DE8E7 /* CityHunterUITests.swift */ = {isa = PBXFileReference; lastKnownFileType = sourcecode.swift; path = CityHunterUITests.swift; sourceTree = "<group>"; };
		2172D42C1BDB580B005DE8E7 /* Info.plist */ = {isa = PBXFileReference; lastKnownFileType = text.plist.xml; path = Info.plist; sourceTree = "<group>"; };
		2172D4381BDB737A005DE8E7 /* PreyData.swift */ = {isa = PBXFileReference; fileEncoding = 4; lastKnownFileType = sourcecode.swift; path = PreyData.swift; sourceTree = "<group>"; };
/* End PBXFileReference section */

/* Begin PBXFrameworksBuildPhase section */
		2172D4041BDB580B005DE8E7 /* Frameworks */ = {
			isa = PBXFrameworksBuildPhase;
			buildActionMask = 2147483647;
			files = (
			);
			runOnlyForDeploymentPostprocessing = 0;
		};
		2172D4181BDB580B005DE8E7 /* Frameworks */ = {
			isa = PBXFrameworksBuildPhase;
			buildActionMask = 2147483647;
			files = (
			);
			runOnlyForDeploymentPostprocessing = 0;
		};
		2172D4231BDB580B005DE8E7 /* Frameworks */ = {
			isa = PBXFrameworksBuildPhase;
			buildActionMask = 2147483647;
			files = (
			);
			runOnlyForDeploymentPostprocessing = 0;
		};
/* End PBXFrameworksBuildPhase section */

/* Begin PBXGroup section */
		2172D3FE1BDB580B005DE8E7 = {
			isa = PBXGroup;
			children = (
				2172D4091BDB580B005DE8E7 /* CityHunter */,
				2172D41E1BDB580B005DE8E7 /* CityHunterTests */,
				2172D4291BDB580B005DE8E7 /* CityHunterUITests */,
				2172D4081BDB580B005DE8E7 /* Products */,
			);
			sourceTree = "<group>";
		};
		2172D4081BDB580B005DE8E7 /* Products */ = {
			isa = PBXGroup;
			children = (
				2172D4071BDB580B005DE8E7 /* CityHunter.app */,
				2172D41B1BDB580B005DE8E7 /* CityHunterTests.xctest */,
				2172D4261BDB580B005DE8E7 /* CityHunterUITests.xctest */,
			);
			name = Products;
			sourceTree = "<group>";
		};
		2172D4091BDB580B005DE8E7 /* CityHunter */ = {
			isa = PBXGroup;
			children = (
				2172D40A1BDB580B005DE8E7 /* AppDelegate.swift */,
				2172D40C1BDB580B005DE8E7 /* ViewController.swift */,
				2172D4381BDB737A005DE8E7 /* PreyData.swift */,
				2172D40E1BDB580B005DE8E7 /* Main.storyboard */,
				2172D4111BDB580B005DE8E7 /* Assets.xcassets */,
				2172D4131BDB580B005DE8E7 /* LaunchScreen.storyboard */,
				2172D4161BDB580B005DE8E7 /* Info.plist */,
			);
			path = CityHunter;
			sourceTree = "<group>";
		};
		2172D41E1BDB580B005DE8E7 /* CityHunterTests */ = {
			isa = PBXGroup;
			children = (
				2172D41F1BDB580B005DE8E7 /* CityHunterTests.swift */,
				2172D4211BDB580B005DE8E7 /* Info.plist */,
			);
			path = CityHunterTests;
			sourceTree = "<group>";
		};
		2172D4291BDB580B005DE8E7 /* CityHunterUITests */ = {
			isa = PBXGroup;
			children = (
				2172D42A1BDB580B005DE8E7 /* CityHunterUITests.swift */,
				2172D42C1BDB580B005DE8E7 /* Info.plist */,
			);
			path = CityHunterUITests;
			sourceTree = "<group>";
		};
/* End PBXGroup section */

/* Begin PBXNativeTarget section */
		2172D4061BDB580B005DE8E7 /* CityHunter */ = {
			isa = PBXNativeTarget;
			buildConfigurationList = 2172D42F1BDB580B005DE8E7 /* Build configuration list for PBXNativeTarget "CityHunter" */;
			buildPhases = (
				2172D4031BDB580B005DE8E7 /* Sources */,
				2172D4041BDB580B005DE8E7 /* Frameworks */,
				2172D4051BDB580B005DE8E7 /* Resources */,
			);
			buildRules = (
			);
			dependencies = (
			);
			name = CityHunter;
			productName = CityHunter;
			productReference = 2172D4071BDB580B005DE8E7 /* CityHunter.app */;
			productType = "com.apple.product-type.application";
		};
		2172D41A1BDB580B005DE8E7 /* CityHunterTests */ = {
			isa = PBXNativeTarget;
			buildConfigurationList = 2172D4321BDB580B005DE8E7 /* Build configuration list for PBXNativeTarget "CityHunterTests" */;
			buildPhases = (
				2172D4171BDB580B005DE8E7 /* Sources */,
				2172D4181BDB580B005DE8E7 /* Frameworks */,
				2172D4191BDB580B005DE8E7 /* Resources */,
			);
			buildRules = (
			);
			dependencies = (
				2172D41D1BDB580B005DE8E7 /* PBXTargetDependency */,
			);
			name = CityHunterTests;
			productName = CityHunterTests;
			productReference = 2172D41B1BDB580B005DE8E7 /* CityHunterTests.xctest */;
			productType = "com.apple.product-type.bundle.unit-test";
		};
		2172D4251BDB580B005DE8E7 /* CityHunterUITests */ = {
			isa = PBXNativeTarget;
			buildConfigurationList = 2172D4351BDB580B005DE8E7 /* Build configuration list for PBXNativeTarget "CityHunterUITests" */;
			buildPhases = (
				2172D4221BDB580B005DE8E7 /* Sources */,
				2172D4231BDB580B005DE8E7 /* Frameworks */,
				2172D4241BDB580B005DE8E7 /* Resources */,
			);
			buildRules = (
			);
			dependencies = (
				2172D4281BDB580B005DE8E7 /* PBXTargetDependency */,
			);
			name = CityHunterUITests;
			productName = CityHunterUITests;
			productReference = 2172D4261BDB580B005DE8E7 /* CityHunterUITests.xctest */;
			productType = "com.apple.product-type.bundle.ui-testing";
		};
/* End PBXNativeTarget section */

/* Begin PBXProject section */
		2172D3FF1BDB580B005DE8E7 /* Project object */ = {
			isa = PBXProject;
			attributes = {
				LastUpgradeCheck = 0700;
				ORGANIZATIONNAME = xing;
				TargetAttributes = {
					2172D4061BDB580B005DE8E7 = {
						CreatedOnToolsVersion = 7.0.1;
						DevelopmentTeam = S32MGZZN6P;
					};
					2172D41A1BDB580B005DE8E7 = {
						CreatedOnToolsVersion = 7.0.1;
						DevelopmentTeam = S32MGZZN6P;
						TestTargetID = 2172D4061BDB580B005DE8E7;
					};
					2172D4251BDB580B005DE8E7 = {
						CreatedOnToolsVersion = 7.0.1;
						DevelopmentTeam = S32MGZZN6P;
						TestTargetID = 2172D4061BDB580B005DE8E7;
					};
				};
			};
			buildConfigurationList = 2172D4021BDB580B005DE8E7 /* Build configuration list for PBXProject "CityHunter" */;
			compatibilityVersion = "Xcode 3.2";
			developmentRegion = English;
			hasScannedForEncodings = 0;
			knownRegions = (
				en,
				Base,
			);
			mainGroup = 2172D3FE1BDB580B005DE8E7;
			productRefGroup = 2172D4081BDB580B005DE8E7 /* Products */;
			projectDirPath = "";
			projectRoot = "";
			targets = (
				2172D4061BDB580B005DE8E7 /* CityHunter */,
				2172D41A1BDB580B005DE8E7 /* CityHunterTests */,
				2172D4251BDB580B005DE8E7 /* CityHunterUITests */,
			);
		};
/* End PBXProject section */

/* Begin PBXResourcesBuildPhase section */
		2172D4051BDB580B005DE8E7 /* Resources */ = {
			isa = PBXResourcesBuildPhase;
			buildActionMask = 2147483647;
			files = (
				2172D4151BDB580B005DE8E7 /* LaunchScreen.storyboard in Resources */,
				2172D4121BDB580B005DE8E7 /* Assets.xcassets in Resources */,
				2172D4101BDB580B005DE8E7 /* Main.storyboard in Resources */,
			);
			runOnlyForDeploymentPostprocessing = 0;
		};
		2172D4191BDB580B005DE8E7 /* Resources */ = {
			isa = PBXResourcesBuildPhase;
			buildActionMask = 2147483647;
			files = (
			);
			runOnlyForDeploymentPostprocessing = 0;
		};
		2172D4241BDB580B005DE8E7 /* Resources */ = {
			isa = PBXResourcesBuildPhase;
			buildActionMask = 2147483647;
			files = (
			);
			runOnlyForDeploymentPostprocessing = 0;
		};
/* End PBXResourcesBuildPhase section */

/* Begin PBXSourcesBuildPhase section */
		2172D4031BDB580B005DE8E7 /* Sources */ = {
			isa = PBXSourcesBuildPhase;
			buildActionMask = 2147483647;
			files = (
				2172D40D1BDB580B005DE8E7 /* ViewController.swift in Sources */,
				2172D40B1BDB580B005DE8E7 /* AppDelegate.swift in Sources */,
				2172D4391BDB737A005DE8E7 /* PreyData.swift in Sources */,
			);
			runOnlyForDeploymentPostprocessing = 0;
		};
		2172D4171BDB580B005DE8E7 /* Sources */ = {
			isa = PBXSourcesBuildPhase;
			buildActionMask = 2147483647;
			files = (
				2172D4201BDB580B005DE8E7 /* CityHunterTests.swift in Sources */,
			);
			runOnlyForDeploymentPostprocessing = 0;
		};
		2172D4221BDB580B005DE8E7 /* Sources */ = {
			isa = PBXSourcesBuildPhase;
			buildActionMask = 2147483647;
			files = (
				2172D42B1BDB580B005DE8E7 /* CityHunterUITests.swift in Sources */,
			);
			runOnlyForDeploymentPostprocessing = 0;
		};
/* End PBXSourcesBuildPhase section */

/* Begin PBXTargetDependency section */
		2172D41D1BDB580B005DE8E7 /* PBXTargetDependency */ = {
			isa = PBXTargetDependency;
			target = 2172D4061BDB580B005DE8E7 /* CityHunter */;
			targetProxy = 2172D41C1BDB580B005DE8E7 /* PBXContainerItemProxy */;
		};
		2172D4281BDB580B005DE8E7 /* PBXTargetDependency */ = {
			isa = PBXTargetDependency;
			target = 2172D4061BDB580B005DE8E7 /* CityHunter */;
			targetProxy = 2172D4271BDB580B005DE8E7 /* PBXContainerItemProxy */;
		};
/* End PBXTargetDependency section */

/* Begin PBXVariantGroup section */
		2172D40E1BDB580B005DE8E7 /* Main.storyboard */ = {
			isa = PBXVariantGroup;
			children = (
				2172D40F1BDB580B005DE8E7 /* Base */,
			);
			name = Main.storyboard;
			sourceTree = "<group>";
		};
		2172D4131BDB580B005DE8E7 /* LaunchScreen.storyboard */ = {
			isa = PBXVariantGroup;
			children = (
				2172D4141BDB580B005DE8E7 /* Base */,
			);
			name = LaunchScreen.storyboard;
			sourceTree = "<group>";
		};
/* End PBXVariantGroup section */

/* Begin XCBuildConfiguration section */
		2172D42D1BDB580B005DE8E7 /* Debug */ = {
			isa = XCBuildConfiguration;
			buildSettings = {
				ALWAYS_SEARCH_USER_PATHS = NO;
				CLANG_CXX_LANGUAGE_STANDARD = "gnu++0x";
				CLANG_CXX_LIBRARY = "libc++";
				CLANG_ENABLE_MODULES = YES;
				CLANG_ENABLE_OBJC_ARC = YES;
				CLANG_WARN_BOOL_CONVERSION = YES;
				CLANG_WARN_CONSTANT_CONVERSION = YES;
				CLANG_WARN_DIRECT_OBJC_ISA_USAGE = YES_ERROR;
				CLANG_WARN_EMPTY_BODY = YES;
				CLANG_WARN_ENUM_CONVERSION = YES;
				CLANG_WARN_INT_CONVERSION = YES;
				CLANG_WARN_OBJC_ROOT_CLASS = YES_ERROR;
				CLANG_WARN_UNREACHABLE_CODE = YES;
				CLANG_WARN__DUPLICATE_METHOD_MATCH = YES;
				"CODE_SIGN_IDENTITY[sdk=iphoneos*]" = "iPhone Developer";
				COPY_PHASE_STRIP = NO;
				DEBUG_INFORMATION_FORMAT = dwarf;
				ENABLE_STRICT_OBJC_MSGSEND = YES;
				ENABLE_TESTABILITY = YES;
				GCC_C_LANGUAGE_STANDARD = gnu99;
				GCC_DYNAMIC_NO_PIC = NO;
				GCC_NO_COMMON_BLOCKS = YES;
				GCC_OPTIMIZATION_LEVEL = 0;
				GCC_PREPROCESSOR_DEFINITIONS = (
					"DEBUG=1",
					"$(inherited)",
				);
				GCC_WARN_64_TO_32_BIT_CONVERSION = YES;
				GCC_WARN_ABOUT_RETURN_TYPE = YES_ERROR;
				GCC_WARN_UNDECLARED_SELECTOR = YES;
				GCC_WARN_UNINITIALIZED_AUTOS = YES_AGGRESSIVE;
				GCC_WARN_UNUSED_FUNCTION = YES;
				GCC_WARN_UNUSED_VARIABLE = YES;
				IPHONEOS_DEPLOYMENT_TARGET = 9.0;
				MTL_ENABLE_DEBUG_INFO = YES;
				ONLY_ACTIVE_ARCH = YES;
				SDKROOT = iphoneos;
				SWIFT_OPTIMIZATION_LEVEL = "-Onone";
				TARGETED_DEVICE_FAMILY = "1,2";
			};
			name = Debug;
		};
		2172D42E1BDB580B005DE8E7 /* Release */ = {
			isa = XCBuildConfiguration;
			buildSettings = {
				ALWAYS_SEARCH_USER_PATHS = NO;
				CLANG_CXX_LANGUAGE_STANDARD = "gnu++0x";
				CLANG_CXX_LIBRARY = "libc++";
				CLANG_ENABLE_MODULES = YES;
				CLANG_ENABLE_OBJC_ARC = YES;
				CLANG_WARN_BOOL_CONVERSION = YES;
				CLANG_WARN_CONSTANT_CONVERSION = YES;
				CLANG_WARN_DIRECT_OBJC_ISA_USAGE = YES_ERROR;
				CLANG_WARN_EMPTY_BODY = YES;
				CLANG_WARN_ENUM_CONVERSION = YES;
				CLANG_WARN_INT_CONVERSION = YES;
				CLANG_WARN_OBJC_ROOT_CLASS = YES_ERROR;
				CLANG_WARN_UNREACHABLE_CODE = YES;
				CLANG_WARN__DUPLICATE_METHOD_MATCH = YES;
				"CODE_SIGN_IDENTITY[sdk=iphoneos*]" = "iPhone Developer";
				COPY_PHASE_STRIP = NO;
				DEBUG_INFORMATION_FORMAT = "dwarf-with-dsym";
				ENABLE_NS_ASSERTIONS = NO;
				ENABLE_STRICT_OBJC_MSGSEND = YES;
				GCC_C_LANGUAGE_STANDARD = gnu99;
				GCC_NO_COMMON_BLOCKS = YES;
				GCC_WARN_64_TO_32_BIT_CONVERSION = YES;
				GCC_WARN_ABOUT_RETURN_TYPE = YES_ERROR;
				GCC_WARN_UNDECLARED_SELECTOR = YES;
				GCC_WARN_UNINITIALIZED_AUTOS = YES_AGGRESSIVE;
				GCC_WARN_UNUSED_FUNCTION = YES;
				GCC_WARN_UNUSED_VARIABLE = YES;
				IPHONEOS_DEPLOYMENT_TARGET = 9.0;
				MTL_ENABLE_DEBUG_INFO = NO;
				SDKROOT = iphoneos;
				TARGETED_DEVICE_FAMILY = "1,2";
				VALIDATE_PRODUCT = YES;
			};
			name = Release;
		};
		2172D4301BDB580B005DE8E7 /* Debug */ = {
			isa = XCBuildConfiguration;
			buildSettings = {
				ASSETCATALOG_COMPILER_APPICON_NAME = AppIcon;
				INFOPLIST_FILE = CityHunter/Info.plist;
				LD_RUNPATH_SEARCH_PATHS = "$(inherited) @executable_path/Frameworks";
				PRODUCT_BUNDLE_IDENTIFIER = xing.CityHunter;
				PRODUCT_NAME = "$(TARGET_NAME)";
			};
			name = Debug;
		};
		2172D4311BDB580B005DE8E7 /* Release */ = {
			isa = XCBuildConfiguration;
			buildSettings = {
				ASSETCATALOG_COMPILER_APPICON_NAME = AppIcon;
				INFOPLIST_FILE = CityHunter/Info.plist;
				LD_RUNPATH_SEARCH_PATHS = "$(inherited) @executable_path/Frameworks";
				PRODUCT_BUNDLE_IDENTIFIER = xing.CityHunter;
				PRODUCT_NAME = "$(TARGET_NAME)";
			};
			name = Release;
		};
		2172D4331BDB580B005DE8E7 /* Debug */ = {
			isa = XCBuildConfiguration;
			buildSettings = {
				BUNDLE_LOADER = "$(TEST_HOST)";
				INFOPLIST_FILE = CityHunterTests/Info.plist;
				LD_RUNPATH_SEARCH_PATHS = "$(inherited) @executable_path/Frameworks @loader_path/Frameworks";
				PRODUCT_BUNDLE_IDENTIFIER = xing.CityHunterTests;
				PRODUCT_NAME = "$(TARGET_NAME)";
				TEST_HOST = "$(BUILT_PRODUCTS_DIR)/CityHunter.app/CityHunter";
			};
			name = Debug;
		};
		2172D4341BDB580B005DE8E7 /* Release */ = {
			isa = XCBuildConfiguration;
			buildSettings = {
				BUNDLE_LOADER = "$(TEST_HOST)";
				INFOPLIST_FILE = CityHunterTests/Info.plist;
				LD_RUNPATH_SEARCH_PATHS = "$(inherited) @executable_path/Frameworks @loader_path/Frameworks";
				PRODUCT_BUNDLE_IDENTIFIER = xing.CityHunterTests;
				PRODUCT_NAME = "$(TARGET_NAME)";
				TEST_HOST = "$(BUILT_PRODUCTS_DIR)/CityHunter.app/CityHunter";
			};
			name = Release;
		};
		2172D4361BDB580B005DE8E7 /* Debug */ = {
			isa = XCBuildConfiguration;
			buildSettings = {
				INFOPLIST_FILE = CityHunterUITests/Info.plist;
				LD_RUNPATH_SEARCH_PATHS = "$(inherited) @executable_path/Frameworks @loader_path/Frameworks";
				PRODUCT_BUNDLE_IDENTIFIER = xing.CityHunterUITests;
				PRODUCT_NAME = "$(TARGET_NAME)";
				TEST_TARGET_NAME = CityHunter;
				USES_XCTRUNNER = YES;
			};
			name = Debug;
		};
		2172D4371BDB580B005DE8E7 /* Release */ = {
			isa = XCBuildConfiguration;
			buildSettings = {
				INFOPLIST_FILE = CityHunterUITests/Info.plist;
				LD_RUNPATH_SEARCH_PATHS = "$(inherited) @executable_path/Frameworks @loader_path/Frameworks";
				PRODUCT_BUNDLE_IDENTIFIER = xing.CityHunterUITests;
				PRODUCT_NAME = "$(TARGET_NAME)";
				TEST_TARGET_NAME = CityHunter;
				USES_XCTRUNNER = YES;
			};
			name = Release;
		};
/* End XCBuildConfiguration section */

/* Begin XCConfigurationList section */
		2172D4021BDB580B005DE8E7 /* Build configuration list for PBXProject "CityHunter" */ = {
			isa = XCConfigurationList;
			buildConfigurations = (
				2172D42D1BDB580B005DE8E7 /* Debug */,
				2172D42E1BDB580B005DE8E7 /* Release */,
			);
			defaultConfigurationIsVisible = 0;
			defaultConfigurationName = Release;
		};
		2172D42F1BDB580B005DE8E7 /* Build configuration list for PBXNativeTarget "CityHunter" */ = {
			isa = XCConfigurationList;
			buildConfigurations = (
				2172D4301BDB580B005DE8E7 /* Debug */,
				2172D4311BDB580B005DE8E7 /* Release */,
			);
			defaultConfigurationIsVisible = 0;
		};
		2172D4321BDB580B005DE8E7 /* Build configuration list for PBXNativeTarget "CityHunterTests" */ = {
			isa = XCConfigurationList;
			buildConfigurations = (
				2172D4331BDB580B005DE8E7 /* Debug */,
				2172D4341BDB580B005DE8E7 /* Release */,
			);
			defaultConfigurationIsVisible = 0;
		};
		2172D4351BDB580B005DE8E7 /* Build configuration list for PBXNativeTarget "CityHunterUITests" */ = {
			isa = XCConfigurationList;
			buildConfigurations = (
				2172D4361BDB580B005DE8E7 /* Debug */,
				2172D4371BDB580B005DE8E7 /* Release */,
			);
			defaultConfigurationIsVisible = 0;
		};
/* End XCConfigurationList section */
	};
	rootObject = 2172D3FF1BDB580B005DE8E7 /* Project object */;
}
